
Microsoft Visual Studio Solution File, Format Version 12.00
# Visual Studio 15
Project("{FAE04EC0-301F-11D3-BF4B-00C04F79EFBC}") = "Unity.RenderPipelines.Core.Runtime", "Unity.RenderPipelines.Core.Runtime.csproj", "{81D2DF3E-9735-188F-9CE4-8F224F5B4C0A}"
EndProject
Project("{FAE04EC0-301F-11D3-BF4B-00C04F79EFBC}") = "UnityEngine.TestRunner", "UnityEngine.TestRunner.csproj", "{492D4D88-476C-0299-5023-176E5799BE74}"
EndProject
Project("{FAE04EC0-301F-11D3-BF4B-00C04F79EFBC}") = "Unity.Mathematics", "Unity.Mathematics.csproj", "{382C128F-A714-1438-0C94-82F4D53C0C2A}"
EndProject
Project("{FAE04EC0-301F-11D3-BF4B-00C04F79EFBC}") = "Unity.RenderPipelines.Universal.Runtime", "Unity.RenderPipelines.Universal.Runtime.csproj", "{E2E0171C-C0A9-9A8D-9319-11E4ADC6EF92}"
EndProject
Project("{FAE04EC0-301F-11D3-BF4B-00C04F79EFBC}") = "AstarPathfindingProject", "AstarPathfindingProject.csproj", "{C73E830F-C08B-CD4E-B420-9377AEE7292C}"
EndProject
Project("{FAE04EC0-301F-11D3-BF4B-00C04F79EFBC}") = "Unity.2D.Animation.Runtime", "Unity.2D.Animation.Runtime.csproj", "{791CC6B4-542C-A641-B591-68F3D40E7B51}"
EndProject
Project("{FAE04EC0-301F-11D3-BF4B-00C04F79EFBC}") = "Unity.TextMeshPro", "Unity.TextMeshPro.csproj", "{1A7AE71C-3298-B6D0-BA9F-24C8A94F131A}"
EndProject
Project("{FAE04EC0-301F-11D3-BF4B-00C04F79EFBC}") = "Assembly-CSharp", "Assembly-CSharp.csproj", "{91E5E444-6207-4F54-DBC5-2E150D7085CD}"
EndProject
Project("{FAE04EC0-301F-11D3-BF4B-00C04F79EFBC}") = "Cinemachine", "Cinemachine.csproj", "{4C19C163-2799-7B4F-6058-37220931B0B2}"
EndProject
Project("{FAE04EC0-301F-11D3-BF4B-00C04F79EFBC}") = "Unity.Timeline", "Unity.Timeline.csproj", "{41D30FCB-4103-B633-ED1A-99A64CFC4932}"
EndProject
Project("{FAE04EC0-301F-11D3-BF4B-00C04F79EFBC}") = "Unity.2D.SpriteShape.Runtime", "Unity.2D.SpriteShape.Runtime.csproj", "{D97973D0-AF20-BDCA-1F6D-367AB22F9359}"
EndProject
Project("{FAE04EC0-301F-11D3-BF4B-00C04F79EFBC}") = "Unity.2D.Animation.Triangle.Runtime", "Unity.2D.Animation.Triangle.Runtime.csproj", "{832C5D14-E5BD-1C2B-6B17-4114B392F630}"
EndProject
Project("{FAE04EC0-301F-11D3-BF4B-00C04F79EFBC}") = "Unity.ScriptableBuildPipeline", "Unity.ScriptableBuildPipeline.csproj", "{DFF184BE-69DD-EACC-D891-1D6CA497F88C}"
EndProject
Project("{FAE04EC0-301F-11D3-BF4B-00C04F79EFBC}") = "Unity.2D.PixelPerfect", "Unity.2D.PixelPerfect.csproj", "{49E6578F-1D9C-FC6B-A48E-71AFB78B3CC7}"
EndProject
Project("{FAE04EC0-301F-11D3-BF4B-00C04F79EFBC}") = "Unity.2D.IK.Runtime", "Unity.2D.IK.Runtime.csproj", "{E9698B9F-43F0-AB37-9738-8D4610535D00}"
EndProject
Project("{FAE04EC0-301F-11D3-BF4B-00C04F79EFBC}") = "Unity.2D.Common.Runtime", "Unity.2D.Common.Runtime.csproj", "{7BE8CA21-7E5E-9EF8-9CEB-33C2EFBC90E6}"
EndProject
Project("{FAE04EC0-301F-11D3-BF4B-00C04F79EFBC}") = "Unity.RenderPipelines.Core.ShaderLibrary", "Unity.RenderPipelines.Core.ShaderLibrary.csproj", "{0CA49B24-8E61-688C-2B2E-0747DF752386}"
EndProject
Project("{FAE04EC0-301F-11D3-BF4B-00C04F79EFBC}") = "Unity.InternalAPIEngineBridge.001", "Unity.InternalAPIEngineBridge.001.csproj", "{B43D5611-13AE-BEDA-9D92-1D6A02067E83}"
EndProject
Project("{FAE04EC0-301F-11D3-BF4B-00C04F79EFBC}") = "Unity.RenderPipeline.Universal.ShaderLibrary", "Unity.RenderPipeline.Universal.ShaderLibrary.csproj", "{1260A366-A434-FAF4-CE5F-E42B5EE9382C}"
EndProject
Project("{FAE04EC0-301F-11D3-BF4B-00C04F79EFBC}") = "Unity.RenderPipelines.Universal.Shaders", "Unity.RenderPipelines.Universal.Shaders.csproj", "{CEF75A05-0478-BA89-F10D-578419CC5F8B}"
EndProject
Project("{FAE04EC0-301F-11D3-BF4B-00C04F79EFBC}") = "Unity.RenderPipelines.ShaderGraph.ShaderGraphLibrary", "Unity.RenderPipelines.ShaderGraph.ShaderGraphLibrary.csproj", "{8546BE79-F629-0483-4C4B-218A88026019}"
EndProject
Project("{FAE04EC0-301F-11D3-BF4B-00C04F79EFBC}") = "Unity.PlasticSCM.Editor", "Unity.PlasticSCM.Editor.csproj", "{D2E0C181-A7A4-8174-491A-1CE56DF6602F}"
EndProject
Project("{FAE04EC0-301F-11D3-BF4B-00C04F79EFBC}") = "Unity.ShaderGraph.Editor", "Unity.ShaderGraph.Editor.csproj", "{99CDBF31-606F-AF2B-16A8-655AD964E02C}"
EndProject
Project("{FAE04EC0-301F-11D3-BF4B-00C04F79EFBC}") = "Unity.VisualStudio.Editor", "Unity.VisualStudio.Editor.csproj", "{9509CB3E-8EB4-7068-1B68-516A6AD5146A}"
EndProject
Project("{FAE04EC0-301F-11D3-BF4B-00C04F79EFBC}") = "Unity.Timeline.Editor", "Unity.Timeline.Editor.csproj", "{93B9AF8C-451F-9EA1-A4A3-B9954DC6CF7E}"
EndProject
Project("{FAE04EC0-301F-11D3-BF4B-00C04F79EFBC}") = "com.unity.cinemachine.editor", "com.unity.cinemachine.editor.csproj", "{D59F9FAE-9A7C-91B8-D18F-BDE2AB6DE5E0}"
EndProject
Project("{FAE04EC0-301F-11D3-BF4B-00C04F79EFBC}") = "Unity.TextMeshPro.Editor", "Unity.TextMeshPro.Editor.csproj", "{A57F78FB-33E2-8D10-1CD6-D7133B3C95B0}"
EndProject
Project("{FAE04EC0-301F-11D3-BF4B-00C04F79EFBC}") = "Unity.2D.Animation.Editor", "Unity.2D.Animation.Editor.csproj", "{C48F5D3B-9F73-0D37-3973-F10579E6BC21}"
EndProject
Project("{FAE04EC0-301F-11D3-BF4B-00C04F79EFBC}") = "Unity.CollabProxy.Editor", "Unity.CollabProxy.Editor.csproj", "{BCF799CC-5CFA-4E9B-8BB0-1E466ECE87BC}"
EndProject
Project("{FAE04EC0-301F-11D3-BF4B-00C04F79EFBC}") = "UnityEditor.TestRunner", "UnityEditor.TestRunner.csproj", "{5067942F-4983-E9B4-4968-A024CA961B34}"
EndProject
Project("{FAE04EC0-301F-11D3-BF4B-00C04F79EFBC}") = "Unity.Rider.Editor", "Unity.Rider.Editor.csproj", "{5DB86782-BED7-C56A-AC4A-89F3331ED4BF}"
EndProject
Project("{FAE04EC0-301F-11D3-BF4B-00C04F79EFBC}") = "Unity.ScriptableBuildPipeline.Editor", "Unity.ScriptableBuildPipeline.Editor.csproj", "{4C0612F5-C7DF-F3DE-094F-FC01FC5D6CB0}"
EndProject
Project("{FAE04EC0-301F-11D3-BF4B-00C04F79EFBC}") = "Unity.2D.Path.Editor", "Unity.2D.Path.Editor.csproj", "{C4E68611-A930-BCC2-01AB-D437A1D4FED1}"
EndProject
Project("{FAE04EC0-301F-11D3-BF4B-00C04F79EFBC}") = "Unity.RenderPipelines.Universal.Editor", "Unity.RenderPipelines.Universal.Editor.csproj", "{514D20F6-E281-6BF8-E55F-CF5EBB9B7A65}"
EndProject
Project("{FAE04EC0-301F-11D3-BF4B-00C04F79EFBC}") = "Unity.Services.Core.Editor", "Unity.Services.Core.Editor.csproj", "{016FE474-177C-ED69-82B2-05812AB9F591}"
EndProject
Project("{FAE04EC0-301F-11D3-BF4B-00C04F79EFBC}") = "PsdPlugin", "PsdPlugin.csproj", "{FB66732A-84AD-23A4-73DF-40CC991C35E8}"
EndProject
Project("{FAE04EC0-301F-11D3-BF4B-00C04F79EFBC}") = "Unity.RenderPipelines.Core.Editor", "Unity.RenderPipelines.Core.Editor.csproj", "{0BC42C52-76D8-B688-30CB-A7DBE0A4D4CD}"
EndProject
Project("{FAE04EC0-301F-11D3-BF4B-00C04F79EFBC}") = "Unity.Searcher.Editor", "Unity.Searcher.Editor.csproj", "{FB8A55B7-352D-57D6-2925-814CC028A16E}"
EndProject
Project("{FAE04EC0-301F-11D3-BF4B-00C04F79EFBC}") = "Unity.2D.IK.Editor", "Unity.2D.IK.Editor.csproj", "{5AC3ECE8-7517-B0DE-C94A-3BA4CD8CF40C}"
EndProject
Project("{FAE04EC0-301F-11D3-BF4B-00C04F79EFBC}") = "Unity.2D.Psdimporter.Editor", "Unity.2D.Psdimporter.Editor.csproj", "{021E3B2F-1C90-7071-5695-B19CA20070B8}"
EndProject
Project("{FAE04EC0-301F-11D3-BF4B-00C04F79EFBC}") = "Unity.2D.SpriteShape.Editor", "Unity.2D.SpriteShape.Editor.csproj", "{B60DA193-AB71-0F8F-A269-2165E4AAB018}"
EndProject
Project("{FAE04EC0-301F-11D3-BF4B-00C04F79EFBC}") = "Unity.2D.PixelPerfect.Editor", "Unity.2D.PixelPerfect.Editor.csproj", "{4B05DA29-4785-AC5A-EEDD-30145F8DD43A}"
EndProject
Project("{FAE04EC0-301F-11D3-BF4B-00C04F79EFBC}") = "Unity.VSCode.Editor", "Unity.VSCode.Editor.csproj", "{3B1671EC-A3A4-5861-3C7F-C0B30CADA5BB}"
EndProject
Project("{FAE04EC0-301F-11D3-BF4B-00C04F79EFBC}") = "AstarPathfindingProjectEditor", "AstarPathfindingProjectEditor.csproj", "{4D4A11D5-1FC2-8BDE-C571-FE569C4E57AB}"
EndProject
Project("{FAE04EC0-301F-11D3-BF4B-00C04F79EFBC}") = "Unity.Mathematics.Editor", "Unity.Mathematics.Editor.csproj", "{80F00CA0-BE7A-3898-9FF9-5A6E0BF40106}"
EndProject
Project("{FAE04EC0-301F-11D3-BF4B-00C04F79EFBC}") = "Unity.2D.Common.Editor", "Unity.2D.Common.Editor.csproj", "{64BB2D85-11A2-A36A-89C0-8D34A8AA426E}"
EndProject
Project("{FAE04EC0-301F-11D3-BF4B-00C04F79EFBC}") = "UnityEditor.CacheServer", "UnityEditor.CacheServer.csproj", "{51A395C1-2C07-40CD-765F-E42687295569}"
EndProject
Project("{FAE04EC0-301F-11D3-BF4B-00C04F79EFBC}") = "PackageToolsEditor", "PackageToolsEditor.csproj", "{457FA113-896A-54AB-7493-2FE5306F611F}"
EndProject
Project("{FAE04EC0-301F-11D3-BF4B-00C04F79EFBC}") = "Unity.InternalAPIEditorBridge.001", "Unity.InternalAPIEditorBridge.001.csproj", "{34D4B8C2-3AE7-1897-6916-ED1DD018BB15}"
EndProject
Project("{FAE04EC0-301F-11D3-BF4B-00C04F79EFBC}") = "Unity.ShaderGraph.Utilities", "Unity.ShaderGraph.Utilities.csproj", "{2854816B-4BEC-CACC-A295-C75C4D75FEDA}"
EndProject
Global
	GlobalSection(SolutionConfigurationPlatforms) = preSolution
		Debug|Any CPU = Debug|Any CPU
		Release|Any CPU = Release|Any CPU
	EndGlobalSection
	GlobalSection(ProjectConfigurationPlatforms) = postSolution
		{81D2DF3E-9735-188F-9CE4-8F224F5B4C0A}.Debug|Any CPU.ActiveCfg = Debug|Any CPU
		{81D2DF3E-9735-188F-9CE4-8F224F5B4C0A}.Debug|Any CPU.Build.0 = Debug|Any CPU
		{81D2DF3E-9735-188F-9CE4-8F224F5B4C0A}.Release|Any CPU.ActiveCfg = Release|Any CPU
		{81D2DF3E-9735-188F-9CE4-8F224F5B4C0A}.Release|Any CPU.Build.0 = Release|Any CPU
		{492D4D88-476C-0299-5023-176E5799BE74}.Debug|Any CPU.ActiveCfg = Debug|Any CPU
		{492D4D88-476C-0299-5023-176E5799BE74}.Debug|Any CPU.Build.0 = Debug|Any CPU
		{492D4D88-476C-0299-5023-176E5799BE74}.Release|Any CPU.ActiveCfg = Release|Any CPU
		{492D4D88-476C-0299-5023-176E5799BE74}.Release|Any CPU.Build.0 = Release|Any CPU
		{382C128F-A714-1438-0C94-82F4D53C0C2A}.Debug|Any CPU.ActiveCfg = Debug|Any CPU
		{382C128F-A714-1438-0C94-82F4D53C0C2A}.Debug|Any CPU.Build.0 = Debug|Any CPU
		{382C128F-A714-1438-0C94-82F4D53C0C2A}.Release|Any CPU.ActiveCfg = Release|Any CPU
		{382C128F-A714-1438-0C94-82F4D53C0C2A}.Release|Any CPU.Build.0 = Release|Any CPU
		{E2E0171C-C0A9-9A8D-9319-11E4ADC6EF92}.Debug|Any CPU.ActiveCfg = Debug|Any CPU
		{E2E0171C-C0A9-9A8D-9319-11E4ADC6EF92}.Debug|Any CPU.Build.0 = Debug|Any CPU
		{E2E0171C-C0A9-9A8D-9319-11E4ADC6EF92}.Release|Any CPU.ActiveCfg = Release|Any CPU
		{E2E0171C-C0A9-9A8D-9319-11E4ADC6EF92}.Release|Any CPU.Build.0 = Release|Any CPU
		{C73E830F-C08B-CD4E-B420-9377AEE7292C}.Debug|Any CPU.ActiveCfg = Debug|Any CPU
		{C73E830F-C08B-CD4E-B420-9377AEE7292C}.Debug|Any CPU.Build.0 = Debug|Any CPU
		{C73E830F-C08B-CD4E-B420-9377AEE7292C}.Release|Any CPU.ActiveCfg = Release|Any CPU
		{C73E830F-C08B-CD4E-B420-9377AEE7292C}.Release|Any CPU.Build.0 = Release|Any CPU
		{791CC6B4-542C-A641-B591-68F3D40E7B51}.Debug|Any CPU.ActiveCfg = Debug|Any CPU
		{791CC6B4-542C-A641-B591-68F3D40E7B51}.Debug|Any CPU.Build.0 = Debug|Any CPU
		{791CC6B4-542C-A641-B591-68F3D40E7B51}.Release|Any CPU.ActiveCfg = Release|Any CPU
		{791CC6B4-542C-A641-B591-68F3D40E7B51}.Release|Any CPU.Build.0 = Release|Any CPU
		{1A7AE71C-3298-B6D0-BA9F-24C8A94F131A}.Debug|Any CPU.ActiveCfg = Debug|Any CPU
		{1A7AE71C-3298-B6D0-BA9F-24C8A94F131A}.Debug|Any CPU.Build.0 = Debug|Any CPU
		{1A7AE71C-3298-B6D0-BA9F-24C8A94F131A}.Release|Any CPU.ActiveCfg = Release|Any CPU
		{1A7AE71C-3298-B6D0-BA9F-24C8A94F131A}.Release|Any CPU.Build.0 = Release|Any CPU
		{91E5E444-6207-4F54-DBC5-2E150D7085CD}.Debug|Any CPU.ActiveCfg = Debug|Any CPU
		{91E5E444-6207-4F54-DBC5-2E150D7085CD}.Debug|Any CPU.Build.0 = Debug|Any CPU
		{91E5E444-6207-4F54-DBC5-2E150D7085CD}.Release|Any CPU.ActiveCfg = Release|Any CPU
		{91E5E444-6207-4F54-DBC5-2E150D7085CD}.Release|Any CPU.Build.0 = Release|Any CPU
		{4C19C163-2799-7B4F-6058-37220931B0B2}.Debug|Any CPU.ActiveCfg = Debug|Any CPU
		{4C19C163-2799-7B4F-6058-37220931B0B2}.Debug|Any CPU.Build.0 = Debug|Any CPU
		{4C19C163-2799-7B4F-6058-37220931B0B2}.Release|Any CPU.ActiveCfg = Release|Any CPU
		{4C19C163-2799-7B4F-6058-37220931B0B2}.Release|Any CPU.Build.0 = Release|Any CPU
		{41D30FCB-4103-B633-ED1A-99A64CFC4932}.Debug|Any CPU.ActiveCfg = Debug|Any CPU
		{41D30FCB-4103-B633-ED1A-99A64CFC4932}.Debug|Any CPU.Build.0 = Debug|Any CPU
		{41D30FCB-4103-B633-ED1A-99A64CFC4932}.Release|Any CPU.ActiveCfg = Release|Any CPU
		{41D30FCB-4103-B633-ED1A-99A64CFC4932}.Release|Any CPU.Build.0 = Release|Any CPU
		{D97973D0-AF20-BDCA-1F6D-367AB22F9359}.Debug|Any CPU.ActiveCfg = Debug|Any CPU
		{D97973D0-AF20-BDCA-1F6D-367AB22F9359}.Debug|Any CPU.Build.0 = Debug|Any CPU
		{D97973D0-AF20-BDCA-1F6D-367AB22F9359}.Release|Any CPU.ActiveCfg = Release|Any CPU
		{D97973D0-AF20-BDCA-1F6D-367AB22F9359}.Release|Any CPU.Build.0 = Release|Any CPU
		{832C5D14-E5BD-1C2B-6B17-4114B392F630}.Debug|Any CPU.ActiveCfg = Debug|Any CPU
		{832C5D14-E5BD-1C2B-6B17-4114B392F630}.Debug|Any CPU.Build.0 = Debug|Any CPU
		{832C5D14-E5BD-1C2B-6B17-4114B392F630}.Release|Any CPU.ActiveCfg = Release|Any CPU
		{832C5D14-E5BD-1C2B-6B17-4114B392F630}.Release|Any CPU.Build.0 = Release|Any CPU
		{DFF184BE-69DD-EACC-D891-1D6CA497F88C}.Debug|Any CPU.ActiveCfg = Debug|Any CPU
		{DFF184BE-69DD-EACC-D891-1D6CA497F88C}.Debug|Any CPU.Build.0 = Debug|Any CPU
		{DFF184BE-69DD-EACC-D891-1D6CA497F88C}.Release|Any CPU.ActiveCfg = Release|Any CPU
		{DFF184BE-69DD-EACC-D891-1D6CA497F88C}.Release|Any CPU.Build.0 = Release|Any CPU
		{49E6578F-1D9C-FC6B-A48E-71AFB78B3CC7}.Debug|Any CPU.ActiveCfg = Debug|Any CPU
		{49E6578F-1D9C-FC6B-A48E-71AFB78B3CC7}.Debug|Any CPU.Build.0 = Debug|Any CPU
		{49E6578F-1D9C-FC6B-A48E-71AFB78B3CC7}.Release|Any CPU.ActiveCfg = Release|Any CPU
		{49E6578F-1D9C-FC6B-A48E-71AFB78B3CC7}.Release|Any CPU.Build.0 = Release|Any CPU
		{E9698B9F-43F0-AB37-9738-8D4610535D00}.Debug|Any CPU.ActiveCfg = Debug|Any CPU
		{E9698B9F-43F0-AB37-9738-8D4610535D00}.Debug|Any CPU.Build.0 = Debug|Any CPU
		{E9698B9F-43F0-AB37-9738-8D4610535D00}.Release|Any CPU.ActiveCfg = Release|Any CPU
		{E9698B9F-43F0-AB37-9738-8D4610535D00}.Release|Any CPU.Build.0 = Release|Any CPU
		{7BE8CA21-7E5E-9EF8-9CEB-33C2EFBC90E6}.Debug|Any CPU.ActiveCfg = Debug|Any CPU
		{7BE8CA21-7E5E-9EF8-9CEB-33C2EFBC90E6}.Debug|Any CPU.Build.0 = Debug|Any CPU
		{7BE8CA21-7E5E-9EF8-9CEB-33C2EFBC90E6}.Release|Any CPU.ActiveCfg = Release|Any CPU
		{7BE8CA21-7E5E-9EF8-9CEB-33C2EFBC90E6}.Release|Any CPU.Build.0 = Release|Any CPU
		{0CA49B24-8E61-688C-2B2E-0747DF752386}.Debug|Any CPU.ActiveCfg = Debug|Any CPU
		{0CA49B24-8E61-688C-2B2E-0747DF752386}.Debug|Any CPU.Build.0 = Debug|Any CPU
		{0CA49B24-8E61-688C-2B2E-0747DF752386}.Release|Any CPU.ActiveCfg = Release|Any CPU
		{0CA49B24-8E61-688C-2B2E-0747DF752386}.Release|Any CPU.Build.0 = Release|Any CPU
		{B43D5611-13AE-BEDA-9D92-1D6A02067E83}.Debug|Any CPU.ActiveCfg = Debug|Any CPU
		{B43D5611-13AE-BEDA-9D92-1D6A02067E83}.Debug|Any CPU.Build.0 = Debug|Any CPU
		{B43D5611-13AE-BEDA-9D92-1D6A02067E83}.Release|Any CPU.ActiveCfg = Release|Any CPU
		{B43D5611-13AE-BEDA-9D92-1D6A02067E83}.Release|Any CPU.Build.0 = Release|Any CPU
		{1260A366-A434-FAF4-CE5F-E42B5EE9382C}.Debug|Any CPU.ActiveCfg = Debug|Any CPU
		{1260A366-A434-FAF4-CE5F-E42B5EE9382C}.Debug|Any CPU.Build.0 = Debug|Any CPU
		{1260A366-A434-FAF4-CE5F-E42B5EE9382C}.Release|Any CPU.ActiveCfg = Release|Any CPU
		{1260A366-A434-FAF4-CE5F-E42B5EE9382C}.Release|Any CPU.Build.0 = Release|Any CPU
		{CEF75A05-0478-BA89-F10D-578419CC5F8B}.Debug|Any CPU.ActiveCfg = Debug|Any CPU
		{CEF75A05-0478-BA89-F10D-578419CC5F8B}.Debug|Any CPU.Build.0 = Debug|Any CPU
		{CEF75A05-0478-BA89-F10D-578419CC5F8B}.Release|Any CPU.ActiveCfg = Release|Any CPU
		{CEF75A05-0478-BA89-F10D-578419CC5F8B}.Release|Any CPU.Build.0 = Release|Any CPU
		{8546BE79-F629-0483-4C4B-218A88026019}.Debug|Any CPU.ActiveCfg = Debug|Any CPU
		{8546BE79-F629-0483-4C4B-218A88026019}.Debug|Any CPU.Build.0 = Debug|Any CPU
		{8546BE79-F629-0483-4C4B-218A88026019}.Release|Any CPU.ActiveCfg = Release|Any CPU
		{8546BE79-F629-0483-4C4B-218A88026019}.Release|Any CPU.Build.0 = Release|Any CPU
		{D2E0C181-A7A4-8174-491A-1CE56DF6602F}.Debug|Any CPU.ActiveCfg = Debug|Any CPU
		{D2E0C181-A7A4-8174-491A-1CE56DF6602F}.Debug|Any CPU.Build.0 = Debug|Any CPU
		{D2E0C181-A7A4-8174-491A-1CE56DF6602F}.Release|Any CPU.ActiveCfg = Release|Any CPU
		{D2E0C181-A7A4-8174-491A-1CE56DF6602F}.Release|Any CPU.Build.0 = Release|Any CPU
		{99CDBF31-606F-AF2B-16A8-655AD964E02C}.Debug|Any CPU.ActiveCfg = Debug|Any CPU
		{99CDBF31-606F-AF2B-16A8-655AD964E02C}.Debug|Any CPU.Build.0 = Debug|Any CPU
		{99CDBF31-606F-AF2B-16A8-655AD964E02C}.Release|Any CPU.ActiveCfg = Release|Any CPU
		{99CDBF31-606F-AF2B-16A8-655AD964E02C}.Release|Any CPU.Build.0 = Release|Any CPU
		{9509CB3E-8EB4-7068-1B68-516A6AD5146A}.Debug|Any CPU.ActiveCfg = Debug|Any CPU
		{9509CB3E-8EB4-7068-1B68-516A6AD5146A}.Debug|Any CPU.Build.0 = Debug|Any CPU
		{9509CB3E-8EB4-7068-1B68-516A6AD5146A}.Release|Any CPU.ActiveCfg = Release|Any CPU
		{9509CB3E-8EB4-7068-1B68-516A6AD5146A}.Release|Any CPU.Build.0 = Release|Any CPU
		{93B9AF8C-451F-9EA1-A4A3-B9954DC6CF7E}.Debug|Any CPU.ActiveCfg = Debug|Any CPU
		{93B9AF8C-451F-9EA1-A4A3-B9954DC6CF7E}.Debug|Any CPU.Build.0 = Debug|Any CPU
		{93B9AF8C-451F-9EA1-A4A3-B9954DC6CF7E}.Release|Any CPU.ActiveCfg = Release|Any CPU
		{93B9AF8C-451F-9EA1-A4A3-B9954DC6CF7E}.Release|Any CPU.Build.0 = Release|Any CPU
		{D59F9FAE-9A7C-91B8-D18F-BDE2AB6DE5E0}.Debug|Any CPU.ActiveCfg = Debug|Any CPU
		{D59F9FAE-9A7C-91B8-D18F-BDE2AB6DE5E0}.Debug|Any CPU.Build.0 = Debug|Any CPU
		{D59F9FAE-9A7C-91B8-D18F-BDE2AB6DE5E0}.Release|Any CPU.ActiveCfg = Release|Any CPU
		{D59F9FAE-9A7C-91B8-D18F-BDE2AB6DE5E0}.Release|Any CPU.Build.0 = Release|Any CPU
		{A57F78FB-33E2-8D10-1CD6-D7133B3C95B0}.Debug|Any CPU.ActiveCfg = Debug|Any CPU
		{A57F78FB-33E2-8D10-1CD6-D7133B3C95B0}.Debug|Any CPU.Build.0 = Debug|Any CPU
		{A57F78FB-33E2-8D10-1CD6-D7133B3C95B0}.Release|Any CPU.ActiveCfg = Release|Any CPU
		{A57F78FB-33E2-8D10-1CD6-D7133B3C95B0}.Release|Any CPU.Build.0 = Release|Any CPU
		{C48F5D3B-9F73-0D37-3973-F10579E6BC21}.Debug|Any CPU.ActiveCfg = Debug|Any CPU
		{C48F5D3B-9F73-0D37-3973-F10579E6BC21}.Debug|Any CPU.Build.0 = Debug|Any CPU
		{C48F5D3B-9F73-0D37-3973-F10579E6BC21}.Release|Any CPU.ActiveCfg = Release|Any CPU
		{C48F5D3B-9F73-0D37-3973-F10579E6BC21}.Release|Any CPU.Build.0 = Release|Any CPU
		{BCF799CC-5CFA-4E9B-8BB0-1E466ECE87BC}.Debug|Any CPU.ActiveCfg = Debug|Any CPU
		{BCF799CC-5CFA-4E9B-8BB0-1E466ECE87BC}.Debug|Any CPU.Build.0 = Debug|Any CPU
		{BCF799CC-5CFA-4E9B-8BB0-1E466ECE87BC}.Release|Any CPU.ActiveCfg = Release|Any CPU
		{BCF799CC-5CFA-4E9B-8BB0-1E466ECE87BC}.Release|Any CPU.Build.0 = Release|Any CPU
		{5067942F-4983-E9B4-4968-A024CA961B34}.Debug|Any CPU.ActiveCfg = Debug|Any CPU
		{5067942F-4983-E9B4-4968-A024CA961B34}.Debug|Any CPU.Build.0 = Debug|Any CPU
		{5067942F-4983-E9B4-4968-A024CA961B34}.Release|Any CPU.ActiveCfg = Release|Any CPU
		{5067942F-4983-E9B4-4968-A024CA961B34}.Release|Any CPU.Build.0 = Release|Any CPU
		{5DB86782-BED7-C56A-AC4A-89F3331ED4BF}.Debug|Any CPU.ActiveCfg = Debug|Any CPU
		{5DB86782-BED7-C56A-AC4A-89F3331ED4BF}.Debug|Any CPU.Build.0 = Debug|Any CPU
		{5DB86782-BED7-C56A-AC4A-89F3331ED4BF}.Release|Any CPU.ActiveCfg = Release|Any CPU
		{5DB86782-BED7-C56A-AC4A-89F3331ED4BF}.Release|Any CPU.Build.0 = Release|Any CPU
		{4C0612F5-C7DF-F3DE-094F-FC01FC5D6CB0}.Debug|Any CPU.ActiveCfg = Debug|Any CPU
		{4C0612F5-C7DF-F3DE-094F-FC01FC5D6CB0}.Debug|Any CPU.Build.0 = Debug|Any CPU
		{4C0612F5-C7DF-F3DE-094F-FC01FC5D6CB0}.Release|Any CPU.ActiveCfg = Release|Any CPU
		{4C0612F5-C7DF-F3DE-094F-FC01FC5D6CB0}.Release|Any CPU.Build.0 = Release|Any CPU
		{C4E68611-A930-BCC2-01AB-D437A1D4FED1}.Debug|Any CPU.ActiveCfg = Debug|Any CPU
		{C4E68611-A930-BCC2-01AB-D437A1D4FED1}.Debug|Any CPU.Build.0 = Debug|Any CPU
		{C4E68611-A930-BCC2-01AB-D437A1D4FED1}.Release|Any CPU.ActiveCfg = Release|Any CPU
		{C4E68611-A930-BCC2-01AB-D437A1D4FED1}.Release|Any CPU.Build.0 = Release|Any CPU
		{514D20F6-E281-6BF8-E55F-CF5EBB9B7A65}.Debug|Any CPU.ActiveCfg = Debug|Any CPU
		{514D20F6-E281-6BF8-E55F-CF5EBB9B7A65}.Debug|Any CPU.Build.0 = Debug|Any CPU
		{514D20F6-E281-6BF8-E55F-CF5EBB9B7A65}.Release|Any CPU.ActiveCfg = Release|Any CPU
		{514D20F6-E281-6BF8-E55F-CF5EBB9B7A65}.Release|Any CPU.Build.0 = Release|Any CPU
		{016FE474-177C-ED69-82B2-05812AB9F591}.Debug|Any CPU.ActiveCfg = Debug|Any CPU
		{016FE474-177C-ED69-82B2-05812AB9F591}.Debug|Any CPU.Build.0 = Debug|Any CPU
		{016FE474-177C-ED69-82B2-05812AB9F591}.Release|Any CPU.ActiveCfg = Release|Any CPU
		{016FE474-177C-ED69-82B2-05812AB9F591}.Release|Any CPU.Build.0 = Release|Any CPU
		{FB66732A-84AD-23A4-73DF-40CC991C35E8}.Debug|Any CPU.ActiveCfg = Debug|Any CPU
		{FB66732A-84AD-23A4-73DF-40CC991C35E8}.Debug|Any CPU.Build.0 = Debug|Any CPU
		{FB66732A-84AD-23A4-73DF-40CC991C35E8}.Release|Any CPU.ActiveCfg = Release|Any CPU
		{FB66732A-84AD-23A4-73DF-40CC991C35E8}.Release|Any CPU.Build.0 = Release|Any CPU
		{0BC42C52-76D8-B688-30CB-A7DBE0A4D4CD}.Debug|Any CPU.ActiveCfg = Debug|Any CPU
		{0BC42C52-76D8-B688-30CB-A7DBE0A4D4CD}.Debug|Any CPU.Build.0 = Debug|Any CPU
		{0BC42C52-76D8-B688-30CB-A7DBE0A4D4CD}.Release|Any CPU.ActiveCfg = Release|Any CPU
		{0BC42C52-76D8-B688-30CB-A7DBE0A4D4CD}.Release|Any CPU.Build.0 = Release|Any CPU
		{FB8A55B7-352D-57D6-2925-814CC028A16E}.Debug|Any CPU.ActiveCfg = Debug|Any CPU
		{FB8A55B7-352D-57D6-2925-814CC028A16E}.Debug|Any CPU.Build.0 = Debug|Any CPU
		{FB8A55B7-352D-57D6-2925-814CC028A16E}.Release|Any CPU.ActiveCfg = Release|Any CPU
		{FB8A55B7-352D-57D6-2925-814CC028A16E}.Release|Any CPU.Build.0 = Release|Any CPU
		{5AC3ECE8-7517-B0DE-C94A-3BA4CD8CF40C}.Debug|Any CPU.ActiveCfg = Debug|Any CPU
		{5AC3ECE8-7517-B0DE-C94A-3BA4CD8CF40C}.Debug|Any CPU.Build.0 = Debug|Any CPU
		{5AC3ECE8-7517-B0DE-C94A-3BA4CD8CF40C}.Release|Any CPU.ActiveCfg = Release|Any CPU
		{5AC3ECE8-7517-B0DE-C94A-3BA4CD8CF40C}.Release|Any CPU.Build.0 = Release|Any CPU
		{021E3B2F-1C90-7071-5695-B19CA20070B8}.Debug|Any CPU.ActiveCfg = Debug|Any CPU
		{021E3B2F-1C90-7071-5695-B19CA20070B8}.Debug|Any CPU.Build.0 = Debug|Any CPU
		{021E3B2F-1C90-7071-5695-B19CA20070B8}.Release|Any CPU.ActiveCfg = Release|Any CPU
		{021E3B2F-1C90-7071-5695-B19CA20070B8}.Release|Any CPU.Build.0 = Release|Any CPU
		{B60DA193-AB71-0F8F-A269-2165E4AAB018}.Debug|Any CPU.ActiveCfg = Debug|Any CPU
		{B60DA193-AB71-0F8F-A269-2165E4AAB018}.Debug|Any CPU.Build.0 = Debug|Any CPU
		{B60DA193-AB71-0F8F-A269-2165E4AAB018}.Release|Any CPU.ActiveCfg = Release|Any CPU
		{B60DA193-AB71-0F8F-A269-2165E4AAB018}.Release|Any CPU.Build.0 = Release|Any CPU
		{4B05DA29-4785-AC5A-EEDD-30145F8DD43A}.Debug|Any CPU.ActiveCfg = Debug|Any CPU
		{4B05DA29-4785-AC5A-EEDD-30145F8DD43A}.Debug|Any CPU.Build.0 = Debug|Any CPU
		{4B05DA29-4785-AC5A-EEDD-30145F8DD43A}.Release|Any CPU.ActiveCfg = Release|Any CPU
		{4B05DA29-4785-AC5A-EEDD-30145F8DD43A}.Release|Any CPU.Build.0 = Release|Any CPU
		{3B1671EC-A3A4-5861-3C7F-C0B30CADA5BB}.Debug|Any CPU.ActiveCfg = Debug|Any CPU
		{3B1671EC-A3A4-5861-3C7F-C0B30CADA5BB}.Debug|Any CPU.Build.0 = Debug|Any CPU
		{3B1671EC-A3A4-5861-3C7F-C0B30CADA5BB}.Release|Any CPU.ActiveCfg = Release|Any CPU
		{3B1671EC-A3A4-5861-3C7F-C0B30CADA5BB}.Release|Any CPU.Build.0 = Release|Any CPU
		{4D4A11D5-1FC2-8BDE-C571-FE569C4E57AB}.Debug|Any CPU.ActiveCfg = Debug|Any CPU
		{4D4A11D5-1FC2-8BDE-C571-FE569C4E57AB}.Debug|Any CPU.Build.0 = Debug|Any CPU
		{4D4A11D5-1FC2-8BDE-C571-FE569C4E57AB}.Release|Any CPU.ActiveCfg = Release|Any CPU
		{4D4A11D5-1FC2-8BDE-C571-FE569C4E57AB}.Release|Any CPU.Build.0 = Release|Any CPU
		{80F00CA0-BE7A-3898-9FF9-5A6E0BF40106}.Debug|Any CPU.ActiveCfg = Debug|Any CPU
		{80F00CA0-BE7A-3898-9FF9-5A6E0BF40106}.Debug|Any CPU.Build.0 = Debug|Any CPU
		{80F00CA0-BE7A-3898-9FF9-5A6E0BF40106}.Release|Any CPU.ActiveCfg = Release|Any CPU
		{80F00CA0-BE7A-3898-9FF9-5A6E0BF40106}.Release|Any CPU.Build.0 = Release|Any CPU
		{64BB2D85-11A2-A36A-89C0-8D34A8AA426E}.Debug|Any CPU.ActiveCfg = Debug|Any CPU
		{64BB2D85-11A2-A36A-89C0-8D34A8AA426E}.Debug|Any CPU.Build.0 = Debug|Any CPU
		{64BB2D85-11A2-A36A-89C0-8D34A8AA426E}.Release|Any CPU.ActiveCfg = Release|Any CPU
		{64BB2D85-11A2-A36A-89C0-8D34A8AA426E}.Release|Any CPU.Build.0 = Release|Any CPU
		{51A395C1-2C07-40CD-765F-E42687295569}.Debug|Any CPU.ActiveCfg = Debug|Any CPU
		{51A395C1-2C07-40CD-765F-E42687295569}.Debug|Any CPU.Build.0 = Debug|Any CPU
		{51A395C1-2C07-40CD-765F-E42687295569}.Release|Any CPU.ActiveCfg = Release|Any CPU
		{51A395C1-2C07-40CD-765F-E42687295569}.Release|Any CPU.Build.0 = Release|Any CPU
		{457FA113-896A-54AB-7493-2FE5306F611F}.Debug|Any CPU.ActiveCfg = Debug|Any CPU
		{457FA113-896A-54AB-7493-2FE5306F611F}.Debug|Any CPU.Build.0 = Debug|Any CPU
		{457FA113-896A-54AB-7493-2FE5306F611F}.Release|Any CPU.ActiveCfg = Release|Any CPU
		{457FA113-896A-54AB-7493-2FE5306F611F}.Release|Any CPU.Build.0 = Release|Any CPU
		{34D4B8C2-3AE7-1897-6916-ED1DD018BB15}.Debug|Any CPU.ActiveCfg = Debug|Any CPU
		{34D4B8C2-3AE7-1897-6916-ED1DD018BB15}.Debug|Any CPU.Build.0 = Debug|Any CPU
		{34D4B8C2-3AE7-1897-6916-ED1DD018BB15}.Release|Any CPU.ActiveCfg = Release|Any CPU
		{34D4B8C2-3AE7-1897-6916-ED1DD018BB15}.Release|Any CPU.Build.0 = Release|Any CPU
		{2854816B-4BEC-CACC-A295-C75C4D75FEDA}.Debug|Any CPU.ActiveCfg = Debug|Any CPU
		{2854816B-4BEC-CACC-A295-C75C4D75FEDA}.Debug|Any CPU.Build.0 = Debug|Any CPU
		{2854816B-4BEC-CACC-A295-C75C4D75FEDA}.Release|Any CPU.ActiveCfg = Release|Any CPU
		{2854816B-4BEC-CACC-A295-C75C4D75FEDA}.Release|Any CPU.Build.0 = Release|Any CPU
	EndGlobalSection
	GlobalSection(SolutionProperties) = preSolution
		HideSolutionNode = FALSE
	EndGlobalSection
EndGlobal
