
Microsoft Visual Studio Solution File, Format Version 12.00
# Visual Studio 15
Project("{FAE04EC0-301F-11D3-BF4B-00C04F79EFBC}") = "AstarPathfindingProject", "AstarPathfindingProject.csproj", "{D9E8974B-A5A8-0514-FECB-43688858F1CC}"
EndProject
Project("{FAE04EC0-301F-11D3-BF4B-00C04F79EFBC}") = "Assembly-CSharp", "Assembly-CSharp.csproj", "{43C08F06-209C-9956-968F-482EBA1AFBF1}"
EndProject
Project("{FAE04EC0-301F-11D3-BF4B-00C04F79EFBC}") = "PackageToolsEditor", "PackageToolsEditor.csproj", "{ECAFB557-65E1-C018-0FF4-DA5CF045AFFE}"
EndProject
Project("{FAE04EC0-301F-11D3-BF4B-00C04F79EFBC}") = "AstarPathfindingProjectEditor", "AstarPathfindingProjectEditor.csproj", "{005A2135-35A5-030D-7D97-BD6B17B49ED9}"
EndProject
Global
	GlobalSection(SolutionConfigurationPlatforms) = preSolution
		Debug|Any CPU = Debug|Any CPU
		Release|Any CPU = Release|Any CPU
	EndGlobalSection
	GlobalSection(ProjectConfigurationPlatforms) = postSolution
		{D9E8974B-A5A8-0514-FECB-43688858F1CC}.Debug|Any CPU.ActiveCfg = Debug|Any CPU
		{D9E8974B-A5A8-0514-FECB-43688858F1CC}.Debug|Any CPU.Build.0 = Debug|Any CPU
		{D9E8974B-A5A8-0514-FECB-43688858F1CC}.Release|Any CPU.ActiveCfg = Release|Any CPU
		{D9E8974B-A5A8-0514-FECB-43688858F1CC}.Release|Any CPU.Build.0 = Release|Any CPU
		{43C08F06-209C-9956-968F-482EBA1AFBF1}.Debug|Any CPU.ActiveCfg = Debug|Any CPU
		{43C08F06-209C-9956-968F-482EBA1AFBF1}.Debug|Any CPU.Build.0 = Debug|Any CPU
		{43C08F06-209C-9956-968F-482EBA1AFBF1}.Release|Any CPU.ActiveCfg = Release|Any CPU
		{43C08F06-209C-9956-968F-482EBA1AFBF1}.Release|Any CPU.Build.0 = Release|Any CPU
		{ECAFB557-65E1-C018-0FF4-DA5CF045AFFE}.Debug|Any CPU.ActiveCfg = Debug|Any CPU
		{ECAFB557-65E1-C018-0FF4-DA5CF045AFFE}.Debug|Any CPU.Build.0 = Debug|Any CPU
		{ECAFB557-65E1-C018-0FF4-DA5CF045AFFE}.Release|Any CPU.ActiveCfg = Release|Any CPU
		{ECAFB557-65E1-C018-0FF4-DA5CF045AFFE}.Release|Any CPU.Build.0 = Release|Any CPU
		{005A2135-35A5-030D-7D97-BD6B17B49ED9}.Debug|Any CPU.ActiveCfg = Debug|Any CPU
		{005A2135-35A5-030D-7D97-BD6B17B49ED9}.Debug|Any CPU.Build.0 = Debug|Any CPU
		{005A2135-35A5-030D-7D97-BD6B17B49ED9}.Release|Any CPU.ActiveCfg = Release|Any CPU
		{005A2135-35A5-030D-7D97-BD6B17B49ED9}.Release|Any CPU.Build.0 = Release|Any CPU
	EndGlobalSection
	GlobalSection(SolutionProperties) = preSolution
		HideSolutionNode = FALSE
	EndGlobalSection
EndGlobal
